{
  "name": "scootr-aws",
  "version": "0.1.0",
  "lockfileVersion": 1,
  "requires": true,
  "dependencies": {
    "@types/color-name": {
      "version": "1.1.1",
      "resolved": "https://registry.npmjs.org/@types/color-name/-/color-name-1.1.1.tgz",
      "integrity": "sha512-rr+OQyAjxze7GgWrSaJwydHStIhHq2lvY3BOC2Mj7KnzI7XK0Uw1TOOdI9lDoajEbSWLiYgoo4f1R51erQfhPQ=="
    },
    "ansi-styles": {
      "version": "4.2.0",
      "resolved": "https://registry.npmjs.org/ansi-styles/-/ansi-styles-4.2.0.tgz",
      "integrity": "sha512-7kFQgnEaMdRtwf6uSfUnVr9gSGC7faurn+J/Mv90/W+iTtN0405/nLdopfMWwchyxhbGYl6TC4Sccn9TUkGAgg==",
      "requires": {
        "@types/color-name": "^1.1.1",
        "color-convert": "^2.0.1"
      }
    },
    "argparse": {
      "version": "1.0.10",
      "resolved": "https://registry.npmjs.org/argparse/-/argparse-1.0.10.tgz",
      "integrity": "sha512-o5Roy6tNG4SL/FOkCAN6RzjiakZS25RLYFrcMttJqbdd8BWrnA+fGz57iN5Pb06pvBGvl5gQ0B48dJlslXvoTg==",
      "requires": {
        "sprintf-js": "~1.0.2"
      }
    },
    "aws-sdk": {
      "version": "2.589.0",
      "resolved": "https://registry.npmjs.org/aws-sdk/-/aws-sdk-2.589.0.tgz",
      "integrity": "sha512-jC/2vsiSvqm25A/aMjRrG6NJnikunjUnFFGlgPFvKu0CpUwXADO0Bzp2wCpHKDjq3+PcOHpBYU9CpvHTHNGdPg==",
      "requires": {
        "buffer": "4.9.1",
        "events": "1.1.1",
        "ieee754": "1.1.13",
        "jmespath": "0.15.0",
        "querystring": "0.2.0",
        "sax": "1.2.1",
        "url": "0.10.3",
        "uuid": "3.3.2",
        "xml2js": "0.4.19"
      },
      "dependencies": {
        "uuid": {
          "version": "3.3.2",
          "resolved": "https://registry.npmjs.org/uuid/-/uuid-3.3.2.tgz",
          "integrity": "sha512-yXJmeNaw3DnnKAOKJE51sL/ZaYfWJRl1pK9dr19YFCu0ObS231AB1/LbqTKRAQ5kw8A90rA6fr4riOUpTZvQZA=="
        }
      }
    },
    "base64-js": {
      "version": "1.3.1",
      "resolved": "https://registry.npmjs.org/base64-js/-/base64-js-1.3.1.tgz",
      "integrity": "sha512-mLQ4i2QO1ytvGWFWmcngKO//JXAQueZvwEKtjgQFM4jIK0kU+ytMfplL8j+n5mspOfjHwoAg+9yhb7BwAHm36g=="
    },
    "buffer": {
      "version": "4.9.1",
      "resolved": "https://registry.npmjs.org/buffer/-/buffer-4.9.1.tgz",
      "integrity": "sha1-bRu2AbB6TvztlwlBMgkwJ8lbwpg=",
      "requires": {
        "base64-js": "^1.0.2",
        "ieee754": "^1.1.4",
        "isarray": "^1.0.0"
      }
    },
    "camel-case": {
      "version": "4.1.0",
      "resolved": "https://registry.npmjs.org/camel-case/-/camel-case-4.1.0.tgz",
      "integrity": "sha512-vmHTVppun53Le+K8wHxA0f4oI192u2i6eL9qHrqByibpxRbdkvI1o1fAA6ozxpLGEnsDS3MBjPJAi7ArJU9ZDg==",
      "requires": {
        "pascal-case": "^3.1.0",
        "tslib": "^1.10.0"
      }
    },
    "capital-case": {
      "version": "1.0.2",
      "resolved": "https://registry.npmjs.org/capital-case/-/capital-case-1.0.2.tgz",
      "integrity": "sha512-7dF2q6pv+qqMkFG+AS0c6/UnYAL5ldR2rUbjKoJrHz9S0bn14jOLIpXxwabIeyakcRWNeGguWzNxJRPAGe4lFA==",
      "requires": {
        "no-case": "^3.0.2",
        "tslib": "^1.10.0",
        "upper-case-first": "^2.0.1"
      }
    },
    "chalk": {
      "version": "3.0.0",
      "resolved": "https://registry.npmjs.org/chalk/-/chalk-3.0.0.tgz",
      "integrity": "sha512-4D3B6Wf41KOYRFdszmDqMCGq5VV/uMAB273JILmO+3jAlh8X4qDtdtgCR3fxtbLEMzSx22QdhnDcJvu2u1fVwg==",
      "requires": {
        "ansi-styles": "^4.1.0",
        "supports-color": "^7.1.0"
      }
    },
    "change-case": {
      "version": "4.1.0",
      "resolved": "https://registry.npmjs.org/change-case/-/change-case-4.1.0.tgz",
      "integrity": "sha512-jz4NjT8d6J9ggFuGHJ860Trta1IXjtnG+T3HGKdN/9ihDefiN241SQhJlD/fbNdiH4YUwPAp00X030vqc/LRcw==",
      "requires": {
        "camel-case": "^4.1.0",
        "capital-case": "^1.0.2",
        "constant-case": "^3.0.2",
        "dot-case": "^3.0.2",
        "header-case": "^2.0.2",
        "no-case": "^3.0.2",
        "param-case": "^3.0.2",
        "pascal-case": "^3.1.0",
        "path-case": "^3.0.2",
        "sentence-case": "^3.0.2",
        "snake-case": "^3.0.2",
        "tslib": "^1.10.0"
      }
    },
    "color-convert": {
      "version": "2.0.1",
      "resolved": "https://registry.npmjs.org/color-convert/-/color-convert-2.0.1.tgz",
      "integrity": "sha512-RRECPsj7iu/xb5oKYcsFHSppFNnsj/52OVTRKb4zP5onXwVF3zVmmToNcOfGC+CRDpfK/U584fMg38ZHCaElKQ==",
      "requires": {
        "color-name": "~1.1.4"
      }
    },
    "color-name": {
      "version": "1.1.4",
      "resolved": "https://registry.npmjs.org/color-name/-/color-name-1.1.4.tgz",
      "integrity": "sha512-dOy+3AuW3a2wNbZHIuMZpTcgjGuLU/uBL/ubcZF9OXbDo8ff4O8yVp5Bf0efS8uEoYo5q4Fx7dY9OgQGXgAsQA=="
    },
    "constant-case": {
      "version": "3.0.2",
      "resolved": "https://registry.npmjs.org/constant-case/-/constant-case-3.0.2.tgz",
      "integrity": "sha512-VxthHv7/VKSXl9kToCoulqM5hH6KpLdAdBCRMFj1SzaHTHMZkQYbRlMwEiLHYJfMN7xE8UiUtyBAJjPXOtbjjA==",
      "requires": {
        "no-case": "^3.0.2",
        "tslib": "^1.10.0",
        "upper-case": "^2.0.1"
      }
    },
    "dot-case": {
      "version": "3.0.2",
      "resolved": "https://registry.npmjs.org/dot-case/-/dot-case-3.0.2.tgz",
      "integrity": "sha512-z3vMZEW2o3btKlM9I6FQF0pIWTzBuW+udrAaJr+A6JA3+p62ADZjeFthKxqxKHZlUxQmkKeEWvaKLJdwpc5u6g==",
      "requires": {
        "no-case": "^3.0.2",
        "tslib": "^1.10.0"
      }
    },
    "ejs": {
      "version": "3.0.1",
      "resolved": "https://registry.npmjs.org/ejs/-/ejs-3.0.1.tgz",
      "integrity": "sha512-cuIMtJwxvzumSAkqaaoGY/L6Fc/t6YvoP9/VIaK0V/CyqKLEQ8sqODmYfy/cjXEdZ9+OOL8TecbJu+1RsofGDw=="
    },
    "esprima": {
      "version": "4.0.1",
      "resolved": "https://registry.npmjs.org/esprima/-/esprima-4.0.1.tgz",
      "integrity": "sha512-eGuFFw7Upda+g4p+QHvnW0RyTX/SVeJBDM/gCtMARO0cLuT2HcEKnTPvhjV6aGeqrCB/sbNop0Kszm0jsaWU4A=="
    },
    "events": {
      "version": "1.1.1",
      "resolved": "https://registry.npmjs.org/events/-/events-1.1.1.tgz",
      "integrity": "sha1-nr23Y1rQmccNzEwqH1AEKI6L2SQ="
    },
    "has-flag": {
      "version": "4.0.0",
      "resolved": "https://registry.npmjs.org/has-flag/-/has-flag-4.0.0.tgz",
      "integrity": "sha512-EykJT/Q1KjTWctppgIAgfSO0tKVuZUjhgMr17kqTumMl6Afv3EISleU7qZUzoXDFTAHTDC4NOoG/ZxU3EvlMPQ=="
    },
    "header-case": {
      "version": "2.0.2",
      "resolved": "https://registry.npmjs.org/header-case/-/header-case-2.0.2.tgz",
      "integrity": "sha512-DkrKDkNEXG3ZC3urlbt+O9j9qbwFvJwDB1PSKBQqZLVbh2wr7PKpfjGWo/Dw9cpG1IqZM6QTsnVsB3FwdCuEkg==",
      "requires": {
        "capital-case": "^1.0.2",
        "tslib": "^1.10.0"
      }
    },
    "ieee754": {
      "version": "1.1.13",
      "resolved": "https://registry.npmjs.org/ieee754/-/ieee754-1.1.13.tgz",
      "integrity": "sha512-4vf7I2LYV/HaWerSo3XmlMkp5eZ83i+/CDluXi/IGTs/O1sejBNhTtnxzmRZfvOUqj7lZjqHkeTvpgSFDlWZTg=="
    },
    "isarray": {
      "version": "1.0.0",
      "resolved": "https://registry.npmjs.org/isarray/-/isarray-1.0.0.tgz",
      "integrity": "sha1-u5NdSFgsuhaMBoNJV6VKPgcSTxE="
    },
    "jmespath": {
      "version": "0.15.0",
      "resolved": "https://registry.npmjs.org/jmespath/-/jmespath-0.15.0.tgz",
      "integrity": "sha1-o/Iiqarp+Wb10nx5ZRDigJF2Qhc="
    },
    "js-yaml": {
      "version": "3.13.1",
      "resolved": "https://registry.npmjs.org/js-yaml/-/js-yaml-3.13.1.tgz",
      "integrity": "sha512-YfbcO7jXDdyj0DGxYVSlSeQNHbD7XPWvrVWeVUujrQEoZzWJIRrCPoyk6kL6IAjAG2IolMK4T0hNUe0HOUs5Jw==",
      "requires": {
        "argparse": "^1.0.7",
        "esprima": "^4.0.0"
      }
    },
    "lodash": {
      "version": "4.17.15",
      "resolved": "https://registry.npmjs.org/lodash/-/lodash-4.17.15.tgz",
      "integrity": "sha512-8xOcRHvCjnocdS5cpwXQXVzmmh5e5+saE2QGoeQmbKmRS6J3VQppPOIt0MnmE+4xlZoumy0GPG0D0MVIQbNA1A=="
    },
    "lower-case": {
      "version": "2.0.1",
      "resolved": "https://registry.npmjs.org/lower-case/-/lower-case-2.0.1.tgz",
      "integrity": "sha512-LiWgfDLLb1dwbFQZsSglpRj+1ctGnayXz3Uv0/WO8n558JycT5fg6zkNcnW0G68Nn0aEldTFeEfmjCfmqry/rQ==",
      "requires": {
        "tslib": "^1.10.0"
      }
    },
    "no-case": {
      "version": "3.0.2",
      "resolved": "https://registry.npmjs.org/no-case/-/no-case-3.0.2.tgz",
      "integrity": "sha512-Yber3mEOA3T9+as7Z70TJUQCUPRmmq6s8NmsZX5aSB1qk+Mt+3a5JVPpnAnONUShLTkMDF4PJY3h0GKlXdRTNA==",
      "requires": {
        "lower-case": "^2.0.1",
        "tslib": "^1.10.0"
      }
    },
    "param-case": {
      "version": "3.0.2",
      "resolved": "https://registry.npmjs.org/param-case/-/param-case-3.0.2.tgz",
      "integrity": "sha512-9UF3HbbJwzBVJlFFOvfBpWUpGFMX01q3dKavdRyv+71HI3GO4UTQIiuG51pckuqPlHzx1jmUijim8J282goaLg==",
      "requires": {
        "dot-case": "^3.0.2",
        "tslib": "^1.10.0"
      }
    },
    "pascal-case": {
      "version": "3.1.0",
      "resolved": "https://registry.npmjs.org/pascal-case/-/pascal-case-3.1.0.tgz",
      "integrity": "sha512-7cINxTsRAFym4dLVMdObWx2wr/FjVz8BfCdLPC069kAFLal/5dZhxObpAIM40GwZ/Xik1J37z+Nw6/TVy5fmIg==",
      "requires": {
        "no-case": "^3.0.2",
        "tslib": "^1.10.0"
      }
    },
    "path-case": {
      "version": "3.0.2",
      "resolved": "https://registry.npmjs.org/path-case/-/path-case-3.0.2.tgz",
      "integrity": "sha512-vTXKSmzkegC4tBZTogrHleuSEhdMgtY3+vxqN0wFM8TmVs8+0xy+oh1+07SuxYzDlXl/FO8jwEtRfAQ7G+jxCg==",
      "requires": {
        "dot-case": "^3.0.2",
        "tslib": "^1.10.0"
      }
    },
    "punycode": {
      "version": "1.3.2",
      "resolved": "https://registry.npmjs.org/punycode/-/punycode-1.3.2.tgz",
      "integrity": "sha1-llOgNvt8HuQjQvIyXM7v6jkmxI0="
    },
    "querystring": {
      "version": "0.2.0",
      "resolved": "https://registry.npmjs.org/querystring/-/querystring-0.2.0.tgz",
      "integrity": "sha1-sgmEkgO7Jd+CDadW50cAWHhSFiA="
    },
    "sax": {
      "version": "1.2.1",
      "resolved": "https://registry.npmjs.org/sax/-/sax-1.2.1.tgz",
      "integrity": "sha1-e45lYZCyKOgaZq6nSEgNgozS03o="
    },
    "sentence-case": {
      "version": "3.0.2",
      "resolved": "https://registry.npmjs.org/sentence-case/-/sentence-case-3.0.2.tgz",
      "integrity": "sha512-15UhaONq0mYjSpFHbrO2VoPjzy/3mo8nAy8/2rr32IjsUg4hCeapON4aS84YEtOL5SOccaAaopThdSPCnndFFQ==",
      "requires": {
        "no-case": "^3.0.2",
        "tslib": "^1.10.0",
        "upper-case-first": "^2.0.1"
      }
    },
    "serverless-iam-roles-per-function": {
      "version": "2.0.2",
      "resolved": "https://registry.npmjs.org/serverless-iam-roles-per-function/-/serverless-iam-roles-per-function-2.0.2.tgz",
      "integrity": "sha512-3zv4Af3x7KJHC4fuJMHniEEstCljMghReaYIg94Spdsqkhiy8GJ3yfJ5Jy+wiG/DvyObK91JJNMjLhDnDc+vCQ==",
      "requires": {
        "lodash": "^4.17.15"
      }
    },
    "snake-case": {
      "version": "3.0.2",
      "resolved": "https://registry.npmjs.org/snake-case/-/snake-case-3.0.2.tgz",
      "integrity": "sha512-1fRJdasXJTcsrGnUkDsnKNjHoP9NGclbIkYyY6Vv0vBVgz32rqhPFPg/Y0yIP4hwOd41Dh8rocCRHjNIuK4EZg==",
      "requires": {
        "dot-case": "^3.0.2",
        "tslib": "^1.10.0"
      }
    },
    "sprintf-js": {
      "version": "1.0.3",
      "resolved": "https://registry.npmjs.org/sprintf-js/-/sprintf-js-1.0.3.tgz",
      "integrity": "sha1-BOaSb2YolTVPPdAVIDYzuFcpfiw="
    },
    "supports-color": {
      "version": "7.1.0",
      "resolved": "https://registry.npmjs.org/supports-color/-/supports-color-7.1.0.tgz",
      "integrity": "sha512-oRSIpR8pxT1Wr2FquTNnGet79b3BWljqOuoW/h4oBhxJ/HUbX5nX6JSruTkvXDCFMwDPvsaTTbvMLKZWSy0R5g==",
      "requires": {
        "has-flag": "^4.0.0"
      }
    },
    "tslib": {
      "version": "1.10.0",
      "resolved": "https://registry.npmjs.org/tslib/-/tslib-1.10.0.tgz",
      "integrity": "sha512-qOebF53frne81cf0S9B41ByenJ3/IuH8yJKngAX35CmiZySA0khhkovshKK+jGCaMnVomla7gVlIcc3EvKPbTQ=="
    },
    "upper-case": {
      "version": "2.0.1",
      "resolved": "https://registry.npmjs.org/upper-case/-/upper-case-2.0.1.tgz",
      "integrity": "sha512-laAsbea9SY5osxrv7S99vH9xAaJKrw5Qpdh4ENRLcaxipjKsiaBwiAsxfa8X5mObKNTQPsupSq0J/VIxsSJe3A==",
      "requires": {
        "tslib": "^1.10.0"
      }
    },
    "upper-case-first": {
      "version": "2.0.1",
      "resolved": "https://registry.npmjs.org/upper-case-first/-/upper-case-first-2.0.1.tgz",
      "integrity": "sha512-105J8XqQ+9RxW3l9gHZtgve5oaiR9TIwvmZAMAIZWRHe00T21cdvewKORTlOJf/zXW6VukuTshM+HXZNWz7N5w==",
      "requires": {
        "tslib": "^1.10.0"
      }
    },
    "url": {
      "version": "0.10.3",
      "resolved": "https://registry.npmjs.org/url/-/url-0.10.3.tgz",
      "integrity": "sha1-Ah5NnHcF8hu/N9A861h2dAJ3TGQ=",
      "requires": {
        "punycode": "1.3.2",
        "querystring": "0.2.0"
      }
    },
    "uuid": {
      "version": "3.3.3",
      "resolved": "https://registry.npmjs.org/uuid/-/uuid-3.3.3.tgz",
      "integrity": "sha512-pW0No1RGHgzlpHJO1nsVrHKpOEIxkGg1xB+v0ZmdNH5OAeAwzAVrCnI2/6Mtx+Uys6iaylxa+D3g4j63IKKjSQ=="
    },
    "xml2js": {
      "version": "0.4.19",
      "resolved": "https://registry.npmjs.org/xml2js/-/xml2js-0.4.19.tgz",
      "integrity": "sha512-esZnJZJOiJR9wWKMyuvSE1y6Dq5LCuJanqhxslH2bxM6duahNZ+HMpCLhBQGZkbX6xRf8x1Y2eJlgt2q3qo49Q==",
      "requires": {
        "sax": ">=0.6.0",
        "xmlbuilder": "~9.0.1"
      }
    },
    "xmlbuilder": {
      "version": "9.0.7",
      "resolved": "https://registry.npmjs.org/xmlbuilder/-/xmlbuilder-9.0.7.tgz",
      "integrity": "sha1-Ey7mPS7FVlxVfiD0wi35rKaGsQ0="
    }
  }
}
